
Microsoft Visual Studio Solution File, Format Version 12.00
# Visual Studio 15
VisualStudioVersion = 15.0.27703.2018
MinimumVisualStudioVersion = 10.0.40219.1
Project("{FAE04EC0-301F-11D3-BF4B-00C04F79EFBC}") = "1.1", "HeloWord\1.1.csproj", "{282E2696-3243-4AB2-832D-BAB76A47B6F1}"
EndProject
Project("{FAE04EC0-301F-11D3-BF4B-00C04F79EFBC}") = "1.2", "PerimeterAndArea\1.2.csproj", "{A5F1E4A7-960D-4042-8E1E-D93BE1873E06}"
EndProject
Project("{FAE04EC0-301F-11D3-BF4B-00C04F79EFBC}") = "1.3", "AverageWithTwoVar\1.3.csproj", "{3B97DB2E-ECDE-4DC5-98CD-D0C3E0FE9CB3}"
EndProject
Project("{FAE04EC0-301F-11D3-BF4B-00C04F79EFBC}") = "2.1", "2.1\2.1.csproj", "{57230504-F3FB-4BCA-A1F9-AD4DC114AA29}"
EndProject
Project("{FAE04EC0-301F-11D3-BF4B-00C04F79EFBC}") = "2.2", "2.2\2.2.csproj", "{064539AD-550F-4249-8AA8-536690E4076D}"
EndProject
Project("{FAE04EC0-301F-11D3-BF4B-00C04F79EFBC}") = "2.3", "2.3\2.3.csproj", "{8754F549-92FC-4ED6-BDC3-98CE839ADAF5}"
EndProject
Project("{FAE04EC0-301F-11D3-BF4B-00C04F79EFBC}") = "2.4", "2.4\2.4.csproj", "{3B19F85E-5465-4B64-A8B6-E0E9D6EDD7DC}"
EndProject
Project("{FAE04EC0-301F-11D3-BF4B-00C04F79EFBC}") = "3.1", "3.1\3.1.csproj", "{163DFDD0-B556-4723-B54E-0E8384D582C1}"
EndProject
Project("{FAE04EC0-301F-11D3-BF4B-00C04F79EFBC}") = "3.2", "3.2\3.2.csproj", "{73DE2FB0-974D-428D-90FC-4FB3F78F6D14}"
EndProject
Project("{FAE04EC0-301F-11D3-BF4B-00C04F79EFBC}") = "3.3", "3.3\3.3.csproj", "{C7A42D5F-FF1C-46D8-A224-E942D8236813}"
EndProject
Project("{FAE04EC0-301F-11D3-BF4B-00C04F79EFBC}") = "3.4", "3.4\3.4.csproj", "{2283D3AB-28EB-4E0D-AA4D-2B211778B1AB}"
EndProject
Project("{FAE04EC0-301F-11D3-BF4B-00C04F79EFBC}") = "4.1", "4.1\4.1.csproj", "{B4F0BF38-4C64-4667-83D6-8EF4453DD8F1}"
EndProject
Project("{9A19103F-16F7-4668-BE54-9A1E7A4F7556}") = "4.2", "4.2\4.2.csproj", "{E2DFB41D-8DA4-4710-886D-1E70A0A54A78}"
EndProject
Project("{9A19103F-16F7-4668-BE54-9A1E7A4F7556}") = "4.3", "4.3\4.3.csproj", "{91E3D1CC-093F-4AC9-BEA8-071EF04344BD}"
EndProject
Project("{9A19103F-16F7-4668-BE54-9A1E7A4F7556}") = "4.4", "4.4\4.4.csproj", "{5B9F1EA9-7A6F-426C-9D82-477D89BD3292}"
EndProject
Project("{9A19103F-16F7-4668-BE54-9A1E7A4F7556}") = "5", "5.1\5.csproj", "{0EEDE65E-522E-445D-9889-DE8682A65A29}"
EndProject
Project("{9A19103F-16F7-4668-BE54-9A1E7A4F7556}") = "7.1", "7\7.1.csproj", "{D5C7D8F0-004F-40B3-9003-EC1642BFC179}"
EndProject
Project("{9A19103F-16F7-4668-BE54-9A1E7A4F7556}") = "6", "6\6.csproj", "{2B2A4902-B6BF-4AA9-8C4B-6E936B403918}"
EndProject
Project("{9A19103F-16F7-4668-BE54-9A1E7A4F7556}") = "7.2", "7.2\7.2.csproj", "{A0D915A5-E3CE-4314-BF10-38E0620CD4BE}"
EndProject
Project("{9A19103F-16F7-4668-BE54-9A1E7A4F7556}") = "7.3", "7.3\7.3.csproj", "{836F5BED-1F48-4A9F-B99A-6A2EFFC0FFAD}"
EndProject
Global
	GlobalSection(SolutionConfigurationPlatforms) = preSolution
		Debug|Any CPU = Debug|Any CPU
		Release|Any CPU = Release|Any CPU
	EndGlobalSection
	GlobalSection(ProjectConfigurationPlatforms) = postSolution
		{282E2696-3243-4AB2-832D-BAB76A47B6F1}.Debug|Any CPU.ActiveCfg = Debug|Any CPU
		{282E2696-3243-4AB2-832D-BAB76A47B6F1}.Debug|Any CPU.Build.0 = Debug|Any CPU
		{282E2696-3243-4AB2-832D-BAB76A47B6F1}.Release|Any CPU.ActiveCfg = Release|Any CPU
		{282E2696-3243-4AB2-832D-BAB76A47B6F1}.Release|Any CPU.Build.0 = Release|Any CPU
		{A5F1E4A7-960D-4042-8E1E-D93BE1873E06}.Debug|Any CPU.ActiveCfg = Debug|Any CPU
		{A5F1E4A7-960D-4042-8E1E-D93BE1873E06}.Debug|Any CPU.Build.0 = Debug|Any CPU
		{A5F1E4A7-960D-4042-8E1E-D93BE1873E06}.Release|Any CPU.ActiveCfg = Release|Any CPU
		{A5F1E4A7-960D-4042-8E1E-D93BE1873E06}.Release|Any CPU.Build.0 = Release|Any CPU
		{3B97DB2E-ECDE-4DC5-98CD-D0C3E0FE9CB3}.Debug|Any CPU.ActiveCfg = Debug|Any CPU
		{3B97DB2E-ECDE-4DC5-98CD-D0C3E0FE9CB3}.Debug|Any CPU.Build.0 = Debug|Any CPU
		{3B97DB2E-ECDE-4DC5-98CD-D0C3E0FE9CB3}.Release|Any CPU.ActiveCfg = Release|Any CPU
		{3B97DB2E-ECDE-4DC5-98CD-D0C3E0FE9CB3}.Release|Any CPU.Build.0 = Release|Any CPU
		{57230504-F3FB-4BCA-A1F9-AD4DC114AA29}.Debug|Any CPU.ActiveCfg = Debug|Any CPU
		{57230504-F3FB-4BCA-A1F9-AD4DC114AA29}.Debug|Any CPU.Build.0 = Debug|Any CPU
		{57230504-F3FB-4BCA-A1F9-AD4DC114AA29}.Release|Any CPU.ActiveCfg = Release|Any CPU
		{57230504-F3FB-4BCA-A1F9-AD4DC114AA29}.Release|Any CPU.Build.0 = Release|Any CPU
		{064539AD-550F-4249-8AA8-536690E4076D}.Debug|Any CPU.ActiveCfg = Debug|Any CPU
		{064539AD-550F-4249-8AA8-536690E4076D}.Debug|Any CPU.Build.0 = Debug|Any CPU
		{064539AD-550F-4249-8AA8-536690E4076D}.Release|Any CPU.ActiveCfg = Release|Any CPU
		{064539AD-550F-4249-8AA8-536690E4076D}.Release|Any CPU.Build.0 = Release|Any CPU
		{8754F549-92FC-4ED6-BDC3-98CE839ADAF5}.Debug|Any CPU.ActiveCfg = Debug|Any CPU
		{8754F549-92FC-4ED6-BDC3-98CE839ADAF5}.Debug|Any CPU.Build.0 = Debug|Any CPU
		{8754F549-92FC-4ED6-BDC3-98CE839ADAF5}.Release|Any CPU.ActiveCfg = Release|Any CPU
		{8754F549-92FC-4ED6-BDC3-98CE839ADAF5}.Release|Any CPU.Build.0 = Release|Any CPU
		{3B19F85E-5465-4B64-A8B6-E0E9D6EDD7DC}.Debug|Any CPU.ActiveCfg = Debug|Any CPU
		{3B19F85E-5465-4B64-A8B6-E0E9D6EDD7DC}.Debug|Any CPU.Build.0 = Debug|Any CPU
		{3B19F85E-5465-4B64-A8B6-E0E9D6EDD7DC}.Release|Any CPU.ActiveCfg = Release|Any CPU
		{3B19F85E-5465-4B64-A8B6-E0E9D6EDD7DC}.Release|Any CPU.Build.0 = Release|Any CPU
		{163DFDD0-B556-4723-B54E-0E8384D582C1}.Debug|Any CPU.ActiveCfg = Debug|Any CPU
		{163DFDD0-B556-4723-B54E-0E8384D582C1}.Debug|Any CPU.Build.0 = Debug|Any CPU
		{163DFDD0-B556-4723-B54E-0E8384D582C1}.Release|Any CPU.ActiveCfg = Release|Any CPU
		{163DFDD0-B556-4723-B54E-0E8384D582C1}.Release|Any CPU.Build.0 = Release|Any CPU
		{73DE2FB0-974D-428D-90FC-4FB3F78F6D14}.Debug|Any CPU.ActiveCfg = Debug|Any CPU
		{73DE2FB0-974D-428D-90FC-4FB3F78F6D14}.Debug|Any CPU.Build.0 = Debug|Any CPU
		{73DE2FB0-974D-428D-90FC-4FB3F78F6D14}.Release|Any CPU.ActiveCfg = Release|Any CPU
		{73DE2FB0-974D-428D-90FC-4FB3F78F6D14}.Release|Any CPU.Build.0 = Release|Any CPU
		{C7A42D5F-FF1C-46D8-A224-E942D8236813}.Debug|Any CPU.ActiveCfg = Debug|Any CPU
		{C7A42D5F-FF1C-46D8-A224-E942D8236813}.Debug|Any CPU.Build.0 = Debug|Any CPU
		{C7A42D5F-FF1C-46D8-A224-E942D8236813}.Release|Any CPU.ActiveCfg = Release|Any CPU
		{C7A42D5F-FF1C-46D8-A224-E942D8236813}.Release|Any CPU.Build.0 = Release|Any CPU
		{2283D3AB-28EB-4E0D-AA4D-2B211778B1AB}.Debug|Any CPU.ActiveCfg = Debug|Any CPU
		{2283D3AB-28EB-4E0D-AA4D-2B211778B1AB}.Debug|Any CPU.Build.0 = Debug|Any CPU
		{2283D3AB-28EB-4E0D-AA4D-2B211778B1AB}.Release|Any CPU.ActiveCfg = Release|Any CPU
		{2283D3AB-28EB-4E0D-AA4D-2B211778B1AB}.Release|Any CPU.Build.0 = Release|Any CPU
		{B4F0BF38-4C64-4667-83D6-8EF4453DD8F1}.Debug|Any CPU.ActiveCfg = Debug|Any CPU
		{B4F0BF38-4C64-4667-83D6-8EF4453DD8F1}.Debug|Any CPU.Build.0 = Debug|Any CPU
		{B4F0BF38-4C64-4667-83D6-8EF4453DD8F1}.Release|Any CPU.ActiveCfg = Release|Any CPU
		{B4F0BF38-4C64-4667-83D6-8EF4453DD8F1}.Release|Any CPU.Build.0 = Release|Any CPU
		{E2DFB41D-8DA4-4710-886D-1E70A0A54A78}.Debug|Any CPU.ActiveCfg = Debug|Any CPU
		{E2DFB41D-8DA4-4710-886D-1E70A0A54A78}.Debug|Any CPU.Build.0 = Debug|Any CPU
		{E2DFB41D-8DA4-4710-886D-1E70A0A54A78}.Release|Any CPU.ActiveCfg = Release|Any CPU
		{E2DFB41D-8DA4-4710-886D-1E70A0A54A78}.Release|Any CPU.Build.0 = Release|Any CPU
		{91E3D1CC-093F-4AC9-BEA8-071EF04344BD}.Debug|Any CPU.ActiveCfg = Debug|Any CPU
		{91E3D1CC-093F-4AC9-BEA8-071EF04344BD}.Debug|Any CPU.Build.0 = Debug|Any CPU
		{91E3D1CC-093F-4AC9-BEA8-071EF04344BD}.Release|Any CPU.ActiveCfg = Release|Any CPU
		{91E3D1CC-093F-4AC9-BEA8-071EF04344BD}.Release|Any CPU.Build.0 = Release|Any CPU
		{5B9F1EA9-7A6F-426C-9D82-477D89BD3292}.Debug|Any CPU.ActiveCfg = Debug|Any CPU
		{5B9F1EA9-7A6F-426C-9D82-477D89BD3292}.Debug|Any CPU.Build.0 = Debug|Any CPU
		{5B9F1EA9-7A6F-426C-9D82-477D89BD3292}.Release|Any CPU.ActiveCfg = Release|Any CPU
		{5B9F1EA9-7A6F-426C-9D82-477D89BD3292}.Release|Any CPU.Build.0 = Release|Any CPU
		{0EEDE65E-522E-445D-9889-DE8682A65A29}.Debug|Any CPU.ActiveCfg = Debug|Any CPU
		{0EEDE65E-522E-445D-9889-DE8682A65A29}.Debug|Any CPU.Build.0 = Debug|Any CPU
		{0EEDE65E-522E-445D-9889-DE8682A65A29}.Release|Any CPU.ActiveCfg = Release|Any CPU
		{0EEDE65E-522E-445D-9889-DE8682A65A29}.Release|Any CPU.Build.0 = Release|Any CPU
		{D5C7D8F0-004F-40B3-9003-EC1642BFC179}.Debug|Any CPU.ActiveCfg = Debug|Any CPU
		{D5C7D8F0-004F-40B3-9003-EC1642BFC179}.Debug|Any CPU.Build.0 = Debug|Any CPU
		{D5C7D8F0-004F-40B3-9003-EC1642BFC179}.Release|Any CPU.ActiveCfg = Release|Any CPU
		{D5C7D8F0-004F-40B3-9003-EC1642BFC179}.Release|Any CPU.Build.0 = Release|Any CPU
		{2B2A4902-B6BF-4AA9-8C4B-6E936B403918}.Debug|Any CPU.ActiveCfg = Debug|Any CPU
		{2B2A4902-B6BF-4AA9-8C4B-6E936B403918}.Debug|Any CPU.Build.0 = Debug|Any CPU
		{2B2A4902-B6BF-4AA9-8C4B-6E936B403918}.Release|Any CPU.ActiveCfg = Release|Any CPU
		{2B2A4902-B6BF-4AA9-8C4B-6E936B403918}.Release|Any CPU.Build.0 = Release|Any CPU
		{A0D915A5-E3CE-4314-BF10-38E0620CD4BE}.Debug|Any CPU.ActiveCfg = Debug|Any CPU
		{A0D915A5-E3CE-4314-BF10-38E0620CD4BE}.Debug|Any CPU.Build.0 = Debug|Any CPU
		{A0D915A5-E3CE-4314-BF10-38E0620CD4BE}.Release|Any CPU.ActiveCfg = Release|Any CPU
		{A0D915A5-E3CE-4314-BF10-38E0620CD4BE}.Release|Any CPU.Build.0 = Release|Any CPU
		{836F5BED-1F48-4A9F-B99A-6A2EFFC0FFAD}.Debug|Any CPU.ActiveCfg = Debug|Any CPU
		{836F5BED-1F48-4A9F-B99A-6A2EFFC0FFAD}.Debug|Any CPU.Build.0 = Debug|Any CPU
		{836F5BED-1F48-4A9F-B99A-6A2EFFC0FFAD}.Release|Any CPU.ActiveCfg = Release|Any CPU
		{836F5BED-1F48-4A9F-B99A-6A2EFFC0FFAD}.Release|Any CPU.Build.0 = Release|Any CPU
	EndGlobalSection
	GlobalSection(SolutionProperties) = preSolution
		HideSolutionNode = FALSE
	EndGlobalSection
	GlobalSection(ExtensibilityGlobals) = postSolution
		SolutionGuid = {85EF3233-5C82-4738-9EBB-9534CF54F38E}
	EndGlobalSection
EndGlobal
